// !$*UTF8*$!
{
	archiveVersion = 1;
	classes = {
	};
	objectVersion = 51;
	objects = {

/* Begin PBXBuildFile section */
		F1407F1915F62C5D864CC915 /* Pods_Demo.framework in Frameworks */ = {isa = PBXBuildFile; fileRef = 62CB9DB9EF810560E5BF4673 /* Pods_Demo.framework */; };
		FA82C51E25E9E90D0092AC0A /* ZKRURLRequestError.swift in Sources */ = {isa = PBXBuildFile; fileRef = FA82C51D25E9E90D0092AC0A /* ZKRURLRequestError.swift */; };
		FA82C52425E9EDAA0092AC0A /* Defaults.swift in Sources */ = {isa = PBXBuildFile; fileRef = FA82C52325E9EDAA0092AC0A /* Defaults.swift */; };
		FAAC152425E5476E00AE6A41 /* AppDelegate.swift in Sources */ = {isa = PBXBuildFile; fileRef = FAAC152325E5476E00AE6A41 /* AppDelegate.swift */; };
		FAAC152625E5476E00AE6A41 /* SceneDelegate.swift in Sources */ = {isa = PBXBuildFile; fileRef = FAAC152525E5476E00AE6A41 /* SceneDelegate.swift */; };
		FAAC152825E5476E00AE6A41 /* ViewController.swift in Sources */ = {isa = PBXBuildFile; fileRef = FAAC152725E5476E00AE6A41 /* ViewController.swift */; };
		FAAC152B25E5476E00AE6A41 /* Main.storyboard in Resources */ = {isa = PBXBuildFile; fileRef = FAAC152925E5476E00AE6A41 /* Main.storyboard */; };
		FAAC152D25E5476F00AE6A41 /* Assets.xcassets in Resources */ = {isa = PBXBuildFile; fileRef = FAAC152C25E5476F00AE6A41 /* Assets.xcassets */; };
		FAAC153025E5476F00AE6A41 /* LaunchScreen.storyboard in Resources */ = {isa = PBXBuildFile; fileRef = FAAC152E25E5476F00AE6A41 /* LaunchScreen.storyboard */; };
		FAAC153B25E5476F00AE6A41 /* DemoTests.swift in Sources */ = {isa = PBXBuildFile; fileRef = FAAC153A25E5476F00AE6A41 /* DemoTests.swift */; };
		FAAC154625E5476F00AE6A41 /* DemoUITests.swift in Sources */ = {isa = PBXBuildFile; fileRef = FAAC154525E5476F00AE6A41 /* DemoUITests.swift */; };
		FAB219AF25E7E85D004E4947 /* TableViewController.swift in Sources */ = {isa = PBXBuildFile; fileRef = FAB219AE25E7E85D004E4947 /* TableViewController.swift */; };
		FAB219BA25E7E9B8004E4947 /* ZKRURLRequest.swift in Sources */ = {isa = PBXBuildFile; fileRef = FAB219B925E7E9B8004E4947 /* ZKRURLRequest.swift */; };
/* End PBXBuildFile section */

/* Begin PBXContainerItemProxy section */
		FAAC153725E5476F00AE6A41 /* PBXContainerItemProxy */ = {
			isa = PBXContainerItemProxy;
			containerPortal = FAAC151825E5476E00AE6A41 /* Project object */;
			proxyType = 1;
			remoteGlobalIDString = FAAC151F25E5476E00AE6A41;
			remoteInfo = Demo;
		};
		FAAC154225E5476F00AE6A41 /* PBXContainerItemProxy */ = {
			isa = PBXContainerItemProxy;
			containerPortal = FAAC151825E5476E00AE6A41 /* Project object */;
			proxyType = 1;
			remoteGlobalIDString = FAAC151F25E5476E00AE6A41;
			remoteInfo = Demo;
		};
/* End PBXContainerItemProxy section */

/* Begin PBXFileReference section */
		62CB9DB9EF810560E5BF4673 /* Pods_Demo.framework */ = {isa = PBXFileReference; explicitFileType = wrapper.framework; includeInIndex = 0; path = Pods_Demo.framework; sourceTree = BUILT_PRODUCTS_DIR; };
		8DC94D8F728D5252AE7960F3 /* Pods-Demo.debug.xcconfig */ = {isa = PBXFileReference; includeInIndex = 1; lastKnownFileType = text.xcconfig; name = "Pods-Demo.debug.xcconfig"; path = "Target Support Files/Pods-Demo/Pods-Demo.debug.xcconfig"; sourceTree = "<group>"; };
		BA109746466F49BF1321D65E /* Pods-Demo.release.xcconfig */ = {isa = PBXFileReference; includeInIndex = 1; lastKnownFileType = text.xcconfig; name = "Pods-Demo.release.xcconfig"; path = "Target Support Files/Pods-Demo/Pods-Demo.release.xcconfig"; sourceTree = "<group>"; };
		FA82C51D25E9E90D0092AC0A /* ZKRURLRequestError.swift */ = {isa = PBXFileReference; fileEncoding = 4; lastKnownFileType = sourcecode.swift; path = ZKRURLRequestError.swift; sourceTree = "<group>"; };
		FA82C52325E9EDAA0092AC0A /* Defaults.swift */ = {isa = PBXFileReference; lastKnownFileType = sourcecode.swift; path = Defaults.swift; sourceTree = "<group>"; };
		FAAC152025E5476E00AE6A41 /* Demo.app */ = {isa = PBXFileReference; explicitFileType = wrapper.application; includeInIndex = 0; path = Demo.app; sourceTree = BUILT_PRODUCTS_DIR; };
		FAAC152325E5476E00AE6A41 /* AppDelegate.swift */ = {isa = PBXFileReference; lastKnownFileType = sourcecode.swift; path = AppDelegate.swift; sourceTree = "<group>"; };
		FAAC152525E5476E00AE6A41 /* SceneDelegate.swift */ = {isa = PBXFileReference; lastKnownFileType = sourcecode.swift; path = SceneDelegate.swift; sourceTree = "<group>"; };
		FAAC152725E5476E00AE6A41 /* ViewController.swift */ = {isa = PBXFileReference; lastKnownFileType = sourcecode.swift; path = ViewController.swift; sourceTree = "<group>"; };
		FAAC152A25E5476E00AE6A41 /* Base */ = {isa = PBXFileReference; lastKnownFileType = file.storyboard; name = Base; path = Base.lproj/Main.storyboard; sourceTree = "<group>"; };
		FAAC152C25E5476F00AE6A41 /* Assets.xcassets */ = {isa = PBXFileReference; lastKnownFileType = folder.assetcatalog; path = Assets.xcassets; sourceTree = "<group>"; };
		FAAC152F25E5476F00AE6A41 /* Base */ = {isa = PBXFileReference; lastKnownFileType = file.storyboard; name = Base; path = Base.lproj/LaunchScreen.storyboard; sourceTree = "<group>"; };
		FAAC153125E5476F00AE6A41 /* Info.plist */ = {isa = PBXFileReference; lastKnownFileType = text.plist.xml; path = Info.plist; sourceTree = "<group>"; };
		FAAC153625E5476F00AE6A41 /* DemoTests.xctest */ = {isa = PBXFileReference; explicitFileType = wrapper.cfbundle; includeInIndex = 0; path = DemoTests.xctest; sourceTree = BUILT_PRODUCTS_DIR; };
		FAAC153A25E5476F00AE6A41 /* DemoTests.swift */ = {isa = PBXFileReference; lastKnownFileType = sourcecode.swift; path = DemoTests.swift; sourceTree = "<group>"; };
		FAAC153C25E5476F00AE6A41 /* Info.plist */ = {isa = PBXFileReference; lastKnownFileType = text.plist.xml; path = Info.plist; sourceTree = "<group>"; };
		FAAC154125E5476F00AE6A41 /* DemoUITests.xctest */ = {isa = PBXFileReference; explicitFileType = wrapper.cfbundle; includeInIndex = 0; path = DemoUITests.xctest; sourceTree = BUILT_PRODUCTS_DIR; };
		FAAC154525E5476F00AE6A41 /* DemoUITests.swift */ = {isa = PBXFileReference; lastKnownFileType = sourcecode.swift; path = DemoUITests.swift; sourceTree = "<group>"; };
		FAAC154725E5476F00AE6A41 /* Info.plist */ = {isa = PBXFileReference; lastKnownFileType = text.plist.xml; path = Info.plist; sourceTree = "<group>"; };
		FAB219AE25E7E85D004E4947 /* TableViewController.swift */ = {isa = PBXFileReference; lastKnownFileType = sourcecode.swift; path = TableViewController.swift; sourceTree = "<group>"; };
		FAB219B925E7E9B8004E4947 /* ZKRURLRequest.swift */ = {isa = PBXFileReference; lastKnownFileType = sourcecode.swift; path = ZKRURLRequest.swift; sourceTree = "<group>"; };
/* End PBXFileReference section */

/* Begin PBXFrameworksBuildPhase section */
		FAAC151D25E5476E00AE6A41 /* Frameworks */ = {
			isa = PBXFrameworksBuildPhase;
			buildActionMask = 2147483647;
			files = (
				F1407F1915F62C5D864CC915 /* Pods_Demo.framework in Frameworks */,
			);
			runOnlyForDeploymentPostprocessing = 0;
		};
		FAAC153325E5476F00AE6A41 /* Frameworks */ = {
			isa = PBXFrameworksBuildPhase;
			buildActionMask = 2147483647;
			files = (
			);
			runOnlyForDeploymentPostprocessing = 0;
		};
		FAAC153E25E5476F00AE6A41 /* Frameworks */ = {
			isa = PBXFrameworksBuildPhase;
			buildActionMask = 2147483647;
			files = (
			);
			runOnlyForDeploymentPostprocessing = 0;
		};
/* End PBXFrameworksBuildPhase section */

/* Begin PBXGroup section */
		0F450472CEB59A0909F35F74 /* Pods */ = {
			isa = PBXGroup;
			children = (
				8DC94D8F728D5252AE7960F3 /* Pods-Demo.debug.xcconfig */,
				BA109746466F49BF1321D65E /* Pods-Demo.release.xcconfig */,
			);
			path = Pods;
			sourceTree = "<group>";
		};
		33A34BB5134BCF14CC63661F /* Frameworks */ = {
			isa = PBXGroup;
			children = (
				62CB9DB9EF810560E5BF4673 /* Pods_Demo.framework */,
			);
			name = Frameworks;
			sourceTree = "<group>";
		};
		FA82C52225E9ED1B0092AC0A /* Cache */ = {
			isa = PBXGroup;
			children = (
				FA82C52325E9EDAA0092AC0A /* Defaults.swift */,
			);
			path = Cache;
			sourceTree = "<group>";
		};
		FAAC151725E5476E00AE6A41 = {
			isa = PBXGroup;
			children = (
				FAAC152225E5476E00AE6A41 /* Demo */,
				FAAC153925E5476F00AE6A41 /* DemoTests */,
				FAAC154425E5476F00AE6A41 /* DemoUITests */,
				FAAC152125E5476E00AE6A41 /* Products */,
				0F450472CEB59A0909F35F74 /* Pods */,
				33A34BB5134BCF14CC63661F /* Frameworks */,
			);
			sourceTree = "<group>";
		};
		FAAC152125E5476E00AE6A41 /* Products */ = {
			isa = PBXGroup;
			children = (
				FAAC152025E5476E00AE6A41 /* Demo.app */,
				FAAC153625E5476F00AE6A41 /* DemoTests.xctest */,
				FAAC154125E5476F00AE6A41 /* DemoUITests.xctest */,
			);
			name = Products;
			sourceTree = "<group>";
		};
		FAAC152225E5476E00AE6A41 /* Demo */ = {
			isa = PBXGroup;
			children = (
				FA82C52225E9ED1B0092AC0A /* Cache */,
				FAB219B325E7E8BC004E4947 /* Network */,
				FAAC152325E5476E00AE6A41 /* AppDelegate.swift */,
				FAAC152525E5476E00AE6A41 /* SceneDelegate.swift */,
				FAAC152725E5476E00AE6A41 /* ViewController.swift */,
				FAB219AE25E7E85D004E4947 /* TableViewController.swift */,
				FAAC152925E5476E00AE6A41 /* Main.storyboard */,
				FAAC152C25E5476F00AE6A41 /* Assets.xcassets */,
				FAAC152E25E5476F00AE6A41 /* LaunchScreen.storyboard */,
				FAAC153125E5476F00AE6A41 /* Info.plist */,
			);
			path = Demo;
			sourceTree = "<group>";
		};
		FAAC153925E5476F00AE6A41 /* DemoTests */ = {
			isa = PBXGroup;
			children = (
				FAAC153A25E5476F00AE6A41 /* DemoTests.swift */,
				FAAC153C25E5476F00AE6A41 /* Info.plist */,
			);
			path = DemoTests;
			sourceTree = "<group>";
		};
		FAAC154425E5476F00AE6A41 /* DemoUITests */ = {
			isa = PBXGroup;
			children = (
				FAAC154525E5476F00AE6A41 /* DemoUITests.swift */,
				FAAC154725E5476F00AE6A41 /* Info.plist */,
			);
			path = DemoUITests;
			sourceTree = "<group>";
		};
		FAB219B325E7E8BC004E4947 /* Network */ = {
			isa = PBXGroup;
			children = (
				FAB219B925E7E9B8004E4947 /* ZKRURLRequest.swift */,
				FA82C51D25E9E90D0092AC0A /* ZKRURLRequestError.swift */,
			);
			path = Network;
			sourceTree = "<group>";
		};
/* End PBXGroup section */

/* Begin PBXNativeTarget section */
		FAAC151F25E5476E00AE6A41 /* Demo */ = {
			isa = PBXNativeTarget;
			buildConfigurationList = FAAC154A25E5476F00AE6A41 /* Build configuration list for PBXNativeTarget "Demo" */;
			buildPhases = (
				F15F9A01953E98D4DEE4308B /* [CP] Check Pods Manifest.lock */,
				FAAC151C25E5476E00AE6A41 /* Sources */,
				FAAC151D25E5476E00AE6A41 /* Frameworks */,
				FAAC151E25E5476E00AE6A41 /* Resources */,
				48EEC688C780208ADF71D666 /* [CP] Embed Pods Frameworks */,
			);
			buildRules = (
			);
			dependencies = (
			);
			name = Demo;
			productName = Demo;
			productReference = FAAC152025E5476E00AE6A41 /* Demo.app */;
			productType = "com.apple.product-type.application";
		};
		FAAC153525E5476F00AE6A41 /* DemoTests */ = {
			isa = PBXNativeTarget;
			buildConfigurationList = FAAC154D25E5476F00AE6A41 /* Build configuration list for PBXNativeTarget "DemoTests" */;
			buildPhases = (
				FAAC153225E5476F00AE6A41 /* Sources */,
				FAAC153325E5476F00AE6A41 /* Frameworks */,
				FAAC153425E5476F00AE6A41 /* Resources */,
			);
			buildRules = (
			);
			dependencies = (
				FAAC153825E5476F00AE6A41 /* PBXTargetDependency */,
			);
			name = DemoTests;
			productName = DemoTests;
			productReference = FAAC153625E5476F00AE6A41 /* DemoTests.xctest */;
			productType = "com.apple.product-type.bundle.unit-test";
		};
		FAAC154025E5476F00AE6A41 /* DemoUITests */ = {
			isa = PBXNativeTarget;
			buildConfigurationList = FAAC155025E5476F00AE6A41 /* Build configuration list for PBXNativeTarget "DemoUITests" */;
			buildPhases = (
				FAAC153D25E5476F00AE6A41 /* Sources */,
				FAAC153E25E5476F00AE6A41 /* Frameworks */,
				FAAC153F25E5476F00AE6A41 /* Resources */,
			);
			buildRules = (
			);
			dependencies = (
				FAAC154325E5476F00AE6A41 /* PBXTargetDependency */,
			);
			name = DemoUITests;
			productName = DemoUITests;
			productReference = FAAC154125E5476F00AE6A41 /* DemoUITests.xctest */;
			productType = "com.apple.product-type.bundle.ui-testing";
		};
/* End PBXNativeTarget section */

/* Begin PBXProject section */
		FAAC151825E5476E00AE6A41 /* Project object */ = {
			isa = PBXProject;
			attributes = {
				LastSwiftUpdateCheck = 1240;
				LastUpgradeCheck = 1240;
				TargetAttributes = {
					FAAC151F25E5476E00AE6A41 = {
						CreatedOnToolsVersion = 12.4;
					};
					FAAC153525E5476F00AE6A41 = {
						CreatedOnToolsVersion = 12.4;
						TestTargetID = FAAC151F25E5476E00AE6A41;
					};
					FAAC154025E5476F00AE6A41 = {
						CreatedOnToolsVersion = 12.4;
						TestTargetID = FAAC151F25E5476E00AE6A41;
					};
				};
			};
			buildConfigurationList = FAAC151B25E5476E00AE6A41 /* Build configuration list for PBXProject "Demo" */;
			compatibilityVersion = "Xcode 9.3";
			developmentRegion = en;
			hasScannedForEncodings = 0;
			knownRegions = (
				en,
				Base,
			);
			mainGroup = FAAC151725E5476E00AE6A41;
			productRefGroup = FAAC152125E5476E00AE6A41 /* Products */;
			projectDirPath = "";
			projectRoot = "";
			targets = (
				FAAC151F25E5476E00AE6A41 /* Demo */,
				FAAC153525E5476F00AE6A41 /* DemoTests */,
				FAAC154025E5476F00AE6A41 /* DemoUITests */,
			);
		};
/* End PBXProject section */

/* Begin PBXResourcesBuildPhase section */
		FAAC151E25E5476E00AE6A41 /* Resources */ = {
			isa = PBXResourcesBuildPhase;
			buildActionMask = 2147483647;
			files = (
				FAAC153025E5476F00AE6A41 /* LaunchScreen.storyboard in Resources */,
				FAAC152D25E5476F00AE6A41 /* Assets.xcassets in Resources */,
				FAAC152B25E5476E00AE6A41 /* Main.storyboard in Resources */,
			);
			runOnlyForDeploymentPostprocessing = 0;
		};
		FAAC153425E5476F00AE6A41 /* Resources */ = {
			isa = PBXResourcesBuildPhase;
			buildActionMask = 2147483647;
			files = (
			);
			runOnlyForDeploymentPostprocessing = 0;
		};
		FAAC153F25E5476F00AE6A41 /* Resources */ = {
			isa = PBXResourcesBuildPhase;
			buildActionMask = 2147483647;
			files = (
			);
			runOnlyForDeploymentPostprocessing = 0;
		};
/* End PBXResourcesBuildPhase section */

/* Begin PBXShellScriptBuildPhase section */
		48EEC688C780208ADF71D666 /* [CP] Embed Pods Frameworks */ = {
			isa = PBXShellScriptBuildPhase;
			buildActionMask = 2147483647;
			files = (
			);
			inputFileListPaths = (
				"${PODS_ROOT}/Target Support Files/Pods-Demo/Pods-Demo-frameworks-${CONFIGURATION}-input-files.xcfilelist",
			);
			name = "[CP] Embed Pods Frameworks";
			outputFileListPaths = (
				"${PODS_ROOT}/Target Support Files/Pods-Demo/Pods-Demo-frameworks-${CONFIGURATION}-output-files.xcfilelist",
			);
			runOnlyForDeploymentPostprocessing = 0;
			shellPath = /bin/sh;
			shellScript = "\"${PODS_ROOT}/Target Support Files/Pods-Demo/Pods-Demo-frameworks.sh\"\n";
			showEnvVarsInLog = 0;
		};
		F15F9A01953E98D4DEE4308B /* [CP] Check Pods Manifest.lock */ = {
			isa = PBXShellScriptBuildPhase;
			buildActionMask = 2147483647;
			files = (
			);
			inputFileListPaths = (
			);
			inputPaths = (
				"${PODS_PODFILE_DIR_PATH}/Podfile.lock",
				"${PODS_ROOT}/Manifest.lock",
			);
			name = "[CP] Check Pods Manifest.lock";
			outputFileListPaths = (
			);
			outputPaths = (
				"$(DERIVED_FILE_DIR)/Pods-Demo-checkManifestLockResult.txt",
			);
			runOnlyForDeploymentPostprocessing = 0;
			shellPath = /bin/sh;
			shellScript = "diff \"${PODS_PODFILE_DIR_PATH}/Podfile.lock\" \"${PODS_ROOT}/Manifest.lock\" > /dev/null\nif [ $? != 0 ] ; then\n    # print error to STDERR\n    echo \"error: The sandbox is not in sync with the Podfile.lock. Run 'pod install' or update your CocoaPods installation.\" >&2\n    exit 1\nfi\n# This output is used by Xcode 'outputs' to avoid re-running this script phase.\necho \"SUCCESS\" > \"${SCRIPT_OUTPUT_FILE_0}\"\n";
			showEnvVarsInLog = 0;
		};
/* End PBXShellScriptBuildPhase section */

/* Begin PBXSourcesBuildPhase section */
		FAAC151C25E5476E00AE6A41 /* Sources */ = {
			isa = PBXSourcesBuildPhase;
			buildActionMask = 2147483647;
			files = (
				FAAC152825E5476E00AE6A41 /* ViewController.swift in Sources */,
				FA82C52425E9EDAA0092AC0A /* Defaults.swift in Sources */,
				FAB219BA25E7E9B8004E4947 /* ZKRURLRequest.swift in Sources */,
				FA82C51E25E9E90D0092AC0A /* ZKRURLRequestError.swift in Sources */,
				FAAC152425E5476E00AE6A41 /* AppDelegate.swift in Sources */,
				FAAC152625E5476E00AE6A41 /* SceneDelegate.swift in Sources */,
				FAB219AF25E7E85D004E4947 /* TableViewController.swift in Sources */,
			);
			runOnlyForDeploymentPostprocessing = 0;
		};
		FAAC153225E5476F00AE6A41 /* Sources */ = {
			isa = PBXSourcesBuildPhase;
			buildActionMask = 2147483647;
			files = (
				FAAC153B25E5476F00AE6A41 /* DemoTests.swift in Sources */,
			);
			runOnlyForDeploymentPostprocessing = 0;
		};
		FAAC153D25E5476F00AE6A41 /* Sources */ = {
			isa = PBXSourcesBuildPhase;
			buildActionMask = 2147483647;
			files = (
				FAAC154625E5476F00AE6A41 /* DemoUITests.swift in Sources */,
			);
			runOnlyForDeploymentPostprocessing = 0;
		};
/* End PBXSourcesBuildPhase section */

/* Begin PBXTargetDependency section */
		FAAC153825E5476F00AE6A41 /* PBXTargetDependency */ = {
			isa = PBXTargetDependency;
			target = FAAC151F25E5476E00AE6A41 /* Demo */;
			targetProxy = FAAC153725E5476F00AE6A41 /* PBXContainerItemProxy */;
		};
		FAAC154325E5476F00AE6A41 /* PBXTargetDependency */ = {
			isa = PBXTargetDependency;
			target = FAAC151F25E5476E00AE6A41 /* Demo */;
			targetProxy = FAAC154225E5476F00AE6A41 /* PBXContainerItemProxy */;
		};
/* End PBXTargetDependency section */

/* Begin PBXVariantGroup section */
		FAAC152925E5476E00AE6A41 /* Main.storyboard */ = {
			isa = PBXVariantGroup;
			children = (
				FAAC152A25E5476E00AE6A41 /* Base */,
			);
			name = Main.storyboard;
			sourceTree = "<group>";
		};
		FAAC152E25E5476F00AE6A41 /* LaunchScreen.storyboard */ = {
			isa = PBXVariantGroup;
			children = (
				FAAC152F25E5476F00AE6A41 /* Base */,
			);
			name = LaunchScreen.storyboard;
			sourceTree = "<group>";
		};
/* End PBXVariantGroup section */

/* Begin XCBuildConfiguration section */
		FAAC154825E5476F00AE6A41 /* Debug */ = {
			isa = XCBuildConfiguration;
			buildSettings = {
				ALWAYS_SEARCH_USER_PATHS = NO;
				CLANG_ANALYZER_NONNULL = YES;
				CLANG_ANALYZER_NUMBER_OBJECT_CONVERSION = YES_AGGRESSIVE;
				CLANG_CXX_LANGUAGE_STANDARD = "gnu++14";
				CLANG_CXX_LIBRARY = "libc++";
				CLANG_ENABLE_MODULES = YES;
				CLANG_ENABLE_OBJC_ARC = YES;
				CLANG_ENABLE_OBJC_WEAK = YES;
				CLANG_WARN_BLOCK_CAPTURE_AUTORELEASING = YES;
				CLANG_WARN_BOOL_CONVERSION = YES;
				CLANG_WARN_COMMA = YES;
				CLANG_WARN_CONSTANT_CONVERSION = YES;
				CLANG_WARN_DEPRECATED_OBJC_IMPLEMENTATIONS = YES;
				CLANG_WARN_DIRECT_OBJC_ISA_USAGE = YES_ERROR;
				CLANG_WARN_DOCUMENTATION_COMMENTS = YES;
				CLANG_WARN_EMPTY_BODY = YES;
				CLANG_WARN_ENUM_CONVERSION = YES;
				CLANG_WARN_INFINITE_RECURSION = YES;
				CLANG_WARN_INT_CONVERSION = YES;
				CLANG_WARN_NON_LITERAL_NULL_CONVERSION = YES;
				CLANG_WARN_OBJC_IMPLICIT_RETAIN_SELF = YES;
				CLANG_WARN_OBJC_LITERAL_CONVERSION = YES;
				CLANG_WARN_OBJC_ROOT_CLASS = YES_ERROR;
				CLANG_WARN_QUOTED_INCLUDE_IN_FRAMEWORK_HEADER = YES;
				CLANG_WARN_RANGE_LOOP_ANALYSIS = YES;
				CLANG_WARN_STRICT_PROTOTYPES = YES;
				CLANG_WARN_SUSPICIOUS_MOVE = YES;
				CLANG_WARN_UNGUARDED_AVAILABILITY = YES_AGGRESSIVE;
				CLANG_WARN_UNREACHABLE_CODE = YES;
				CLANG_WARN__DUPLICATE_METHOD_MATCH = YES;
				COPY_PHASE_STRIP = NO;
				DEBUG_INFORMATION_FORMAT = dwarf;
				ENABLE_STRICT_OBJC_MSGSEND = YES;
				ENABLE_TESTABILITY = YES;
				GCC_C_LANGUAGE_STANDARD = gnu11;
				GCC_DYNAMIC_NO_PIC = NO;
				GCC_NO_COMMON_BLOCKS = YES;
				GCC_OPTIMIZATION_LEVEL = 0;
				GCC_PREPROCESSOR_DEFINITIONS = (
					"DEBUG=1",
					"$(inherited)",
				);
				GCC_WARN_64_TO_32_BIT_CONVERSION = YES;
				GCC_WARN_ABOUT_RETURN_TYPE = YES_ERROR;
				GCC_WARN_UNDECLARED_SELECTOR = YES;
				GCC_WARN_UNINITIALIZED_AUTOS = YES_AGGRESSIVE;
				GCC_WARN_UNUSED_FUNCTION = YES;
				GCC_WARN_UNUSED_VARIABLE = YES;
				IPHONEOS_DEPLOYMENT_TARGET = 14.4;
				MTL_ENABLE_DEBUG_INFO = INCLUDE_SOURCE;
				MTL_FAST_MATH = YES;
				ONLY_ACTIVE_ARCH = YES;
				SDKROOT = iphoneos;
				SWIFT_ACTIVE_COMPILATION_CONDITIONS = DEBUG;
				SWIFT_OPTIMIZATION_LEVEL = "-Onone";
			};
			name = Debug;
		};
		FAAC154925E5476F00AE6A41 /* Release */ = {
			isa = XCBuildConfiguration;
			buildSettings = {
				ALWAYS_SEARCH_USER_PATHS = NO;
				CLANG_ANALYZER_NONNULL = YES;
				CLANG_ANALYZER_NUMBER_OBJECT_CONVERSION = YES_AGGRESSIVE;
				CLANG_CXX_LANGUAGE_STANDARD = "gnu++14";
				CLANG_CXX_LIBRARY = "libc++";
				CLANG_ENABLE_MODULES = YES;
				CLANG_ENABLE_OBJC_ARC = YES;
				CLANG_ENABLE_OBJC_WEAK = YES;
				CLANG_WARN_BLOCK_CAPTURE_AUTORELEASING = YES;
				CLANG_WARN_BOOL_CONVERSION = YES;
				CLANG_WARN_COMMA = YES;
				CLANG_WARN_CONSTANT_CONVERSION = YES;
				CLANG_WARN_DEPRECATED_OBJC_IMPLEMENTATIONS = YES;
				CLANG_WARN_DIRECT_OBJC_ISA_USAGE = YES_ERROR;
				CLANG_WARN_DOCUMENTATION_COMMENTS = YES;
				CLANG_WARN_EMPTY_BODY = YES;
				CLANG_WARN_ENUM_CONVERSION = YES;
				CLANG_WARN_INFINITE_RECURSION = YES;
				CLANG_WARN_INT_CONVERSION = YES;
				CLANG_WARN_NON_LITERAL_NULL_CONVERSION = YES;
				CLANG_WARN_OBJC_IMPLICIT_RETAIN_SELF = YES;
				CLANG_WARN_OBJC_LITERAL_CONVERSION = YES;
				CLANG_WARN_OBJC_ROOT_CLASS = YES_ERROR;
				CLANG_WARN_QUOTED_INCLUDE_IN_FRAMEWORK_HEADER = YES;
				CLANG_WARN_RANGE_LOOP_ANALYSIS = YES;
				CLANG_WARN_STRICT_PROTOTYPES = YES;
				CLANG_WARN_SUSPICIOUS_MOVE = YES;
				CLANG_WARN_UNGUARDED_AVAILABILITY = YES_AGGRESSIVE;
				CLANG_WARN_UNREACHABLE_CODE = YES;
				CLANG_WARN__DUPLICATE_METHOD_MATCH = YES;
				COPY_PHASE_STRIP = NO;
				DEBUG_INFORMATION_FORMAT = "dwarf-with-dsym";
				ENABLE_NS_ASSERTIONS = NO;
				ENABLE_STRICT_OBJC_MSGSEND = YES;
				GCC_C_LANGUAGE_STANDARD = gnu11;
				GCC_NO_COMMON_BLOCKS = YES;
				GCC_WARN_64_TO_32_BIT_CONVERSION = YES;
				GCC_WARN_ABOUT_RETURN_TYPE = YES_ERROR;
				GCC_WARN_UNDECLARED_SELECTOR = YES;
				GCC_WARN_UNINITIALIZED_AUTOS = YES_AGGRESSIVE;
				GCC_WARN_UNUSED_FUNCTION = YES;
				GCC_WARN_UNUSED_VARIABLE = YES;
				IPHONEOS_DEPLOYMENT_TARGET = 14.4;
				MTL_ENABLE_DEBUG_INFO = NO;
				MTL_FAST_MATH = YES;
				SDKROOT = iphoneos;
				SWIFT_COMPILATION_MODE = wholemodule;
				SWIFT_OPTIMIZATION_LEVEL = "-O";
				VALIDATE_PRODUCT = YES;
			};
			name = Release;
		};
		FAAC154B25E5476F00AE6A41 /* Debug */ = {
			isa = XCBuildConfiguration;
			baseConfigurationReference = 8DC94D8F728D5252AE7960F3 /* Pods-Demo.debug.xcconfig */;
			buildSettings = {
				ASSETCATALOG_COMPILER_APPICON_NAME = AppIcon;
				ASSETCATALOG_COMPILER_GLOBAL_ACCENT_COLOR_NAME = AccentColor;
				CODE_SIGN_STYLE = Automatic;
				DEVELOPMENT_TEAM = 963EG8X626;
				INFOPLIST_FILE = Demo/Info.plist;
				LD_RUNPATH_SEARCH_PATHS = (
					"$(inherited)",
					"@executable_path/Frameworks",
				);
				PRODUCT_BUNDLE_IDENTIFIER = com.lnc.Demo;
				PRODUCT_NAME = "$(TARGET_NAME)";
				SWIFT_VERSION = 5.0;
				TARGETED_DEVICE_FAMILY = "1,2";
			};
			name = Debug;
		};
		FAAC154C25E5476F00AE6A41 /* Release */ = {
			isa = XCBuildConfiguration;
			baseConfigurationReference = BA109746466F49BF1321D65E /* Pods-Demo.release.xcconfig */;
			buildSettings = {
				ASSETCATALOG_COMPILER_APPICON_NAME = AppIcon;
				ASSETCATALOG_COMPILER_GLOBAL_ACCENT_COLOR_NAME = AccentColor;
				CODE_SIGN_STYLE = Automatic;
				DEVELOPMENT_TEAM = 963EG8X626;
				INFOPLIST_FILE = Demo/Info.plist;
				LD_RUNPATH_SEARCH_PATHS = (
					"$(inherited)",
					"@executable_path/Frameworks",
				);
				PRODUCT_BUNDLE_IDENTIFIER = com.lnc.Demo;
				PRODUCT_NAME = "$(TARGET_NAME)";
				SWIFT_VERSION = 5.0;
				TARGETED_DEVICE_FAMILY = "1,2";
			};
			name = Release;
		};
		FAAC154E25E5476F00AE6A41 /* Debug */ = {
			isa = XCBuildConfiguration;
			buildSettings = {
				ALWAYS_EMBED_SWIFT_STANDARD_LIBRARIES = YES;
				BUNDLE_LOADER = "$(TEST_HOST)";
				CODE_SIGN_STYLE = Automatic;
				DEVELOPMENT_TEAM = 963EG8X626;
				INFOPLIST_FILE = DemoTests/Info.plist;
				IPHONEOS_DEPLOYMENT_TARGET = 14.4;
				LD_RUNPATH_SEARCH_PATHS = (
					"$(inherited)",
					"@executable_path/Frameworks",
					"@loader_path/Frameworks",
				);
				PRODUCT_BUNDLE_IDENTIFIER = com.lnc.DemoTests;
				PRODUCT_NAME = "$(TARGET_NAME)";
				SWIFT_VERSION = 5.0;
				TARGETED_DEVICE_FAMILY = "1,2";
				TEST_HOST = "$(BUILT_PRODUCTS_DIR)/Demo.app/Demo";
			};
			name = Debug;
		};
		FAAC154F25E5476F00AE6A41 /* Release */ = {
			isa = XCBuildConfiguration;
			buildSettings = {
				ALWAYS_EMBED_SWIFT_STANDARD_LIBRARIES = YES;
				BUNDLE_LOADER = "$(TEST_HOST)";
				CODE_SIGN_STYLE = Automatic;
				DEVELOPMENT_TEAM = 963EG8X626;
				INFOPLIST_FILE = DemoTests/Info.plist;
				IPHONEOS_DEPLOYMENT_TARGET = 14.4;
				LD_RUNPATH_SEARCH_PATHS = (
					"$(inherited)",
					"@executable_path/Frameworks",
					"@loader_path/Frameworks",
				);
				PRODUCT_BUNDLE_IDENTIFIER = com.lnc.DemoTests;
				PRODUCT_NAME = "$(TARGET_NAME)";
				SWIFT_VERSION = 5.0;
				TARGETED_DEVICE_FAMILY = "1,2";
				TEST_HOST = "$(BUILT_PRODUCTS_DIR)/Demo.app/Demo";
			};
			name = Release;
		};
		FAAC155125E5476F00AE6A41 /* Debug */ = {
			isa = XCBuildConfiguration;
			buildSettings = {
				ALWAYS_EMBED_SWIFT_STANDARD_LIBRARIES = YES;
				CODE_SIGN_STYLE = Automatic;
				DEVELOPMENT_TEAM = 963EG8X626;
				INFOPLIST_FILE = DemoUITests/Info.plist;
				LD_RUNPATH_SEARCH_PATHS = (
					"$(inherited)",
					"@executable_path/Frameworks",
					"@loader_path/Frameworks",
				);
				PRODUCT_BUNDLE_IDENTIFIER = com.lnc.DemoUITests;
				PRODUCT_NAME = "$(TARGET_NAME)";
				SWIFT_VERSION = 5.0;
				TARGETED_DEVICE_FAMILY = "1,2";
				TEST_TARGET_NAME = Demo;
			};
			name = Debug;
		};
		FAAC155225E5476F00AE6A41 /* Release */ = {
			isa = XCBuildConfiguration;
			buildSettings = {
				ALWAYS_EMBED_SWIFT_STANDARD_LIBRARIES = YES;
				CODE_SIGN_STYLE = Automatic;
				DEVELOPMENT_TEAM = 963EG8X626;
				INFOPLIST_FILE = DemoUITests/Info.plist;
				LD_RUNPATH_SEARCH_PATHS = (
					"$(inherited)",
					"@executable_path/Frameworks",
					"@loader_path/Frameworks",
				);
				PRODUCT_BUNDLE_IDENTIFIER = com.lnc.DemoUITests;
				PRODUCT_NAME = "$(TARGET_NAME)";
				SWIFT_VERSION = 5.0;
				TARGETED_DEVICE_FAMILY = "1,2";
				TEST_TARGET_NAME = Demo;
			};
			name = Release;
		};
/* End XCBuildConfiguration section */

/* Begin XCConfigurationList section */
		FAAC151B25E5476E00AE6A41 /* Build configuration list for PBXProject "Demo" */ = {
			isa = XCConfigurationList;
			buildConfigurations = (
				FAAC154825E5476F00AE6A41 /* Debug */,
				FAAC154925E5476F00AE6A41 /* Release */,
			);
			defaultConfigurationIsVisible = 0;
			defaultConfigurationName = Release;
		};
		FAAC154A25E5476F00AE6A41 /* Build configuration list for PBXNativeTarget "Demo" */ = {
			isa = XCConfigurationList;
			buildConfigurations = (
				FAAC154B25E5476F00AE6A41 /* Debug */,
				FAAC154C25E5476F00AE6A41 /* Release */,
			);
			defaultConfigurationIsVisible = 0;
			defaultConfigurationName = Release;
		};
		FAAC154D25E5476F00AE6A41 /* Build configuration list for PBXNativeTarget "DemoTests" */ = {
			isa = XCConfigurationList;
			buildConfigurations = (
				FAAC154E25E5476F00AE6A41 /* Debug */,
				FAAC154F25E5476F00AE6A41 /* Release */,
			);
			defaultConfigurationIsVisible = 0;
			defaultConfigurationName = Release;
		};
		FAAC155025E5476F00AE6A41 /* Build configuration list for PBXNativeTarget "DemoUITests" */ = {
			isa = XCConfigurationList;
			buildConfigurations = (
				FAAC155125E5476F00AE6A41 /* Debug */,
				FAAC155225E5476F00AE6A41 /* Release */,
			);
			defaultConfigurationIsVisible = 0;
			defaultConfigurationName = Release;
		};
/* End XCConfigurationList section */
	};
	rootObject = FAAC151825E5476E00AE6A41 /* Project object */;
}
